
Microsoft Visual Studio Solution File, Format Version 12.00
# Visual Studio Version 17
VisualStudioVersion = 17.8.34316.72
MinimumVisualStudioVersion = 10.0.40219.1
Project("{2150E333-8FDC-42A3-9474-1A3956D46DE8}") = "src", "src", "{F46F38CF-F0C1-4445-A058-776EB93C8E82}"
EndProject
Project("{2150E333-8FDC-42A3-9474-1A3956D46DE8}") = "test", "test", "{7F39817D-A167-467A-8EAE-F5336FFEF4B7}"
EndProject
Project("{9A19103F-16F7-4668-BE54-9A1E7A4F7556}") = "SnackHub.Application", "SnackHub.Application\SnackHub.Application.csproj", "{5D89C7AB-333E-491D-94EF-969E1E75A4B1}"
EndProject
Project("{9A19103F-16F7-4668-BE54-9A1E7A4F7556}") = "SnackHub.Domain", "SnackHub.Domain\SnackHub.Domain.csproj", "{65B5503B-54BF-4E7B-9C33-466BC93927E6}"
EndProject
Project("{9A19103F-16F7-4668-BE54-9A1E7A4F7556}") = "SnackHub.Api", "SnackHub.Api\SnackHub.Api.csproj", "{BCFB28FA-5FC2-43D6-AD36-F7822D1B9E4F}"
EndProject
Project("{9A19103F-16F7-4668-BE54-9A1E7A4F7556}") = "SnackHub.Application.Tests", "SnackHub.Application.Tests\SnackHub.Application.Tests.csproj", "{64265A30-49A4-41E5-92E0-ED20641BFF98}"
EndProject
Global
	GlobalSection(SolutionConfigurationPlatforms) = preSolution
		Debug|Any CPU = Debug|Any CPU
		Release|Any CPU = Release|Any CPU
	EndGlobalSection
	GlobalSection(ProjectConfigurationPlatforms) = postSolution
		{5D89C7AB-333E-491D-94EF-969E1E75A4B1}.Debug|Any CPU.ActiveCfg = Debug|Any CPU
		{5D89C7AB-333E-491D-94EF-969E1E75A4B1}.Debug|Any CPU.Build.0 = Debug|Any CPU
		{5D89C7AB-333E-491D-94EF-969E1E75A4B1}.Release|Any CPU.ActiveCfg = Release|Any CPU
		{5D89C7AB-333E-491D-94EF-969E1E75A4B1}.Release|Any CPU.Build.0 = Release|Any CPU
		{65B5503B-54BF-4E7B-9C33-466BC93927E6}.Debug|Any CPU.ActiveCfg = Debug|Any CPU
		{65B5503B-54BF-4E7B-9C33-466BC93927E6}.Debug|Any CPU.Build.0 = Debug|Any CPU
		{65B5503B-54BF-4E7B-9C33-466BC93927E6}.Release|Any CPU.ActiveCfg = Release|Any CPU
		{65B5503B-54BF-4E7B-9C33-466BC93927E6}.Release|Any CPU.Build.0 = Release|Any CPU
		{BCFB28FA-5FC2-43D6-AD36-F7822D1B9E4F}.Debug|Any CPU.ActiveCfg = Debug|Any CPU
		{BCFB28FA-5FC2-43D6-AD36-F7822D1B9E4F}.Debug|Any CPU.Build.0 = Debug|Any CPU
		{BCFB28FA-5FC2-43D6-AD36-F7822D1B9E4F}.Release|Any CPU.ActiveCfg = Release|Any CPU
		{BCFB28FA-5FC2-43D6-AD36-F7822D1B9E4F}.Release|Any CPU.Build.0 = Release|Any CPU
		{64265A30-49A4-41E5-92E0-ED20641BFF98}.Debug|Any CPU.ActiveCfg = Debug|Any CPU
		{64265A30-49A4-41E5-92E0-ED20641BFF98}.Debug|Any CPU.Build.0 = Debug|Any CPU
		{64265A30-49A4-41E5-92E0-ED20641BFF98}.Release|Any CPU.ActiveCfg = Release|Any CPU
		{64265A30-49A4-41E5-92E0-ED20641BFF98}.Release|Any CPU.Build.0 = Release|Any CPU
	EndGlobalSection
	GlobalSection(SolutionProperties) = preSolution
		HideSolutionNode = FALSE
	EndGlobalSection
	GlobalSection(NestedProjects) = preSolution
		{5D89C7AB-333E-491D-94EF-969E1E75A4B1} = {F46F38CF-F0C1-4445-A058-776EB93C8E82}
		{65B5503B-54BF-4E7B-9C33-466BC93927E6} = {F46F38CF-F0C1-4445-A058-776EB93C8E82}
		{BCFB28FA-5FC2-43D6-AD36-F7822D1B9E4F} = {F46F38CF-F0C1-4445-A058-776EB93C8E82}
		{64265A30-49A4-41E5-92E0-ED20641BFF98} = {7F39817D-A167-467A-8EAE-F5336FFEF4B7}
	EndGlobalSection
	GlobalSection(ExtensibilityGlobals) = postSolution
		SolutionGuid = {59899472-B684-4954-B320-FB180AE666A3}
	EndGlobalSection
EndGlobal
